// !$*UTF8*$!
{
	archiveVersion = 1;
	classes = {
	};
	objectVersion = 56;
	objects = {

/* Begin PBXBuildFile section */
		8B5B5A3629578C5200164980 /* AspectVGrid.swift in Sources */ = {isa = PBXBuildFile; fileRef = 8B5B5A3529578C5200164980 /* AspectVGrid.swift */; };
		8B5B5A382957A0E800164980 /* Pie.swift in Sources */ = {isa = PBXBuildFile; fileRef = 8B5B5A372957A0E800164980 /* Pie.swift */; };
		8BA6EF6E2918C86F00805DFB /* AssignMent1.swift in Sources */ = {isa = PBXBuildFile; fileRef = 8BA6EF6D2918C86F00805DFB /* AssignMent1.swift */; };
		8BBC29C728EA799E0068BADB /* LearningApp.swift in Sources */ = {isa = PBXBuildFile; fileRef = 8BBC29C628EA799E0068BADB /* LearningApp.swift */; };
		8BBC29C928EA799E0068BADB /* CardGameEmojiView.swift in Sources */ = {isa = PBXBuildFile; fileRef = 8BBC29C828EA799E0068BADB /* CardGameEmojiView.swift */; };
		8BBC29CB28EA79A00068BADB /* Assets.xcassets in Resources */ = {isa = PBXBuildFile; fileRef = 8BBC29CA28EA79A00068BADB /* Assets.xcassets */; };
		8BBC29CE28EA79A00068BADB /* Preview Assets.xcassets in Resources */ = {isa = PBXBuildFile; fileRef = 8BBC29CD28EA79A00068BADB /* Preview Assets.xcassets */; };
		8BED0C3A292F394B00565C26 /* CardGame.swift in Sources */ = {isa = PBXBuildFile; fileRef = 8BED0C39292F394B00565C26 /* CardGame.swift */; };
		8BED0C3C292F396B00565C26 /* CardGameEmoji.swift in Sources */ = {isa = PBXBuildFile; fileRef = 8BED0C3B292F396B00565C26 /* CardGameEmoji.swift */; };
/* End PBXBuildFile section */

/* Begin PBXFileReference section */
		8B5B5A3529578C5200164980 /* AspectVGrid.swift */ = {isa = PBXFileReference; lastKnownFileType = sourcecode.swift; path = AspectVGrid.swift; sourceTree = "<group>"; };
		8B5B5A372957A0E800164980 /* Pie.swift */ = {isa = PBXFileReference; lastKnownFileType = sourcecode.swift; path = Pie.swift; sourceTree = "<group>"; };
		8BA6EF6D2918C86F00805DFB /* AssignMent1.swift */ = {isa = PBXFileReference; fileEncoding = 4; lastKnownFileType = sourcecode.swift; path = AssignMent1.swift; sourceTree = "<group>"; };
		8BBC29C328EA799E0068BADB /* Learning.app */ = {isa = PBXFileReference; explicitFileType = wrapper.application; includeInIndex = 0; path = Learning.app; sourceTree = BUILT_PRODUCTS_DIR; };
		8BBC29C628EA799E0068BADB /* LearningApp.swift */ = {isa = PBXFileReference; lastKnownFileType = sourcecode.swift; path = LearningApp.swift; sourceTree = "<group>"; };
		8BBC29C828EA799E0068BADB /* CardGameEmojiView.swift */ = {isa = PBXFileReference; lastKnownFileType = sourcecode.swift; path = CardGameEmojiView.swift; sourceTree = "<group>"; };
		8BBC29CA28EA79A00068BADB /* Assets.xcassets */ = {isa = PBXFileReference; lastKnownFileType = folder.assetcatalog; path = Assets.xcassets; sourceTree = "<group>"; };
		8BBC29CD28EA79A00068BADB /* Preview Assets.xcassets */ = {isa = PBXFileReference; lastKnownFileType = folder.assetcatalog; path = "Preview Assets.xcassets"; sourceTree = "<group>"; };
		8BED0C39292F394B00565C26 /* CardGame.swift */ = {isa = PBXFileReference; lastKnownFileType = sourcecode.swift; path = CardGame.swift; sourceTree = "<group>"; };
		8BED0C3B292F396B00565C26 /* CardGameEmoji.swift */ = {isa = PBXFileReference; lastKnownFileType = sourcecode.swift; path = CardGameEmoji.swift; sourceTree = "<group>"; };
/* End PBXFileReference section */

/* Begin PBXFrameworksBuildPhase section */
		8BBC29C028EA799E0068BADB /* Frameworks */ = {
			isa = PBXFrameworksBuildPhase;
			buildActionMask = 2147483647;
			files = (
			);
			runOnlyForDeploymentPostprocessing = 0;
		};
/* End PBXFrameworksBuildPhase section */

/* Begin PBXGroup section */
		8BBC29BA28EA799E0068BADB = {
			isa = PBXGroup;
			children = (
				8BBC29C528EA799E0068BADB /* Learning */,
				8BBC29C428EA799E0068BADB /* Products */,
			);
			sourceTree = "<group>";
		};
		8BBC29C428EA799E0068BADB /* Products */ = {
			isa = PBXGroup;
			children = (
				8BBC29C328EA799E0068BADB /* Learning.app */,
			);
			name = Products;
			sourceTree = "<group>";
		};
		8BBC29C528EA799E0068BADB /* Learning */ = {
			isa = PBXGroup;
			children = (
				8BED0C36292F38F500565C26 /* CardGame */,
				8BA6EF6D2918C86F00805DFB /* AssignMent1.swift */,
				8BBC29C628EA799E0068BADB /* LearningApp.swift */,
				8BBC29C828EA799E0068BADB /* CardGameEmojiView.swift */,
				8B5B5A3529578C5200164980 /* AspectVGrid.swift */,
				8BBC29CA28EA79A00068BADB /* Assets.xcassets */,
				8BBC29CC28EA79A00068BADB /* Preview Content */,
				8B5B5A372957A0E800164980 /* Pie.swift */,
			);
			path = Learning;
			sourceTree = "<group>";
		};
		8BBC29CC28EA79A00068BADB /* Preview Content */ = {
			isa = PBXGroup;
			children = (
				8BBC29CD28EA79A00068BADB /* Preview Assets.xcassets */,
			);
			path = "Preview Content";
			sourceTree = "<group>";
		};
		8BED0C36292F38F500565C26 /* CardGame */ = {
			isa = PBXGroup;
			children = (
				8BED0C39292F394B00565C26 /* CardGame.swift */,
				8BED0C3B292F396B00565C26 /* CardGameEmoji.swift */,
			);
			path = CardGame;
			sourceTree = "<group>";
		};
/* End PBXGroup section */

/* Begin PBXNativeTarget section */
		8BBC29C228EA799E0068BADB /* Learning */ = {
			isa = PBXNativeTarget;
			buildConfigurationList = 8BBC29D128EA79A00068BADB /* Build configuration list for PBXNativeTarget "Learning" */;
			buildPhases = (
				8BBC29BF28EA799E0068BADB /* Sources */,
				8BBC29C028EA799E0068BADB /* Frameworks */,
				8BBC29C128EA799E0068BADB /* Resources */,
			);
			buildRules = (
			);
			dependencies = (
			);
			name = Learning;
			productName = Learning;
			productReference = 8BBC29C328EA799E0068BADB /* Learning.app */;
			productType = "com.apple.product-type.application";
		};
/* End PBXNativeTarget section */

/* Begin PBXProject section */
		8BBC29BB28EA799E0068BADB /* Project object */ = {
			isa = PBXProject;
			attributes = {
				BuildIndependentTargetsInParallel = 1;
				LastSwiftUpdateCheck = 1400;
				LastUpgradeCheck = 1400;
				TargetAttributes = {
					8BBC29C228EA799E0068BADB = {
						CreatedOnToolsVersion = 14.0.1;
					};
				};
			};
			buildConfigurationList = 8BBC29BE28EA799E0068BADB /* Build configuration list for PBXProject "Learning" */;
			compatibilityVersion = "Xcode 14.0";
			developmentRegion = en;
			hasScannedForEncodings = 0;
			knownRegions = (
				en,
				Base,
			);
			mainGroup = 8BBC29BA28EA799E0068BADB;
			productRefGroup = 8BBC29C428EA799E0068BADB /* Products */;
			projectDirPath = "";
			projectRoot = "";
			targets = (
				8BBC29C228EA799E0068BADB /* Learning */,
			);
		};
/* End PBXProject section */

/* Begin PBXResourcesBuildPhase section */
		8BBC29C128EA799E0068BADB /* Resources */ = {
			isa = PBXResourcesBuildPhase;
			buildActionMask = 2147483647;
			files = (
				8BBC29CE28EA79A00068BADB /* Preview Assets.xcassets in Resources */,
				8BBC29CB28EA79A00068BADB /* Assets.xcassets in Resources */,
			);
			runOnlyForDeploymentPostprocessing = 0;
		};
/* End PBXResourcesBuildPhase section */

/* Begin PBXSourcesBuildPhase section */
		8BBC29BF28EA799E0068BADB /* Sources */ = {
			isa = PBXSourcesBuildPhase;
			buildActionMask = 2147483647;
			files = (
				8BBC29C928EA799E0068BADB /* CardGameEmojiView.swift in Sources */,
				8BED0C3A292F394B00565C26 /* CardGame.swift in Sources */,
				8B5B5A3629578C5200164980 /* AspectVGrid.swift in Sources */,
				8BA6EF6E2918C86F00805DFB /* AssignMent1.swift in Sources */,
				8B5B5A382957A0E800164980 /* Pie.swift in Sources */,
				8BED0C3C292F396B00565C26 /* CardGameEmoji.swift in Sources */,
				8BBC29C728EA799E0068BADB /* LearningApp.swift in Sources */,
			);
			runOnlyForDeploymentPostprocessing = 0;
		};
/* End PBXSourcesBuildPhase section */

/* Begin XCBuildConfiguration section */
		8BBC29CF28EA79A00068BADB /* Debug */ = {
			isa = XCBuildConfiguration;
			buildSettings = {
				ALWAYS_SEARCH_USER_PATHS = NO;
				CLANG_ANALYZER_NONNULL = YES;
				CLANG_ANALYZER_NUMBER_OBJECT_CONVERSION = YES_AGGRESSIVE;
				CLANG_CXX_LANGUAGE_STANDARD = "gnu++20";
				CLANG_ENABLE_MODULES = YES;
				CLANG_ENABLE_OBJC_ARC = YES;
				CLANG_ENABLE_OBJC_WEAK = YES;
				CLANG_WARN_BLOCK_CAPTURE_AUTORELEASING = YES;
				CLANG_WARN_BOOL_CONVERSION = YES;
				CLANG_WARN_COMMA = YES;
				CLANG_WARN_CONSTANT_CONVERSION = YES;
				CLANG_WARN_DEPRECATED_OBJC_IMPLEMENTATIONS = YES;
				CLANG_WARN_DIRECT_OBJC_ISA_USAGE = YES_ERROR;
				CLANG_WARN_DOCUMENTATION_COMMENTS = YES;
				CLANG_WARN_EMPTY_BODY = YES;
				CLANG_WARN_ENUM_CONVERSION = YES;
				CLANG_WARN_INFINITE_RECURSION = YES;
				CLANG_WARN_INT_CONVERSION = YES;
				CLANG_WARN_NON_LITERAL_NULL_CONVERSION = YES;
				CLANG_WARN_OBJC_IMPLICIT_RETAIN_SELF = YES;
				CLANG_WARN_OBJC_LITERAL_CONVERSION = YES;
				CLANG_WARN_OBJC_ROOT_CLASS = YES_ERROR;
				CLANG_WARN_QUOTED_INCLUDE_IN_FRAMEWORK_HEADER = YES;
				CLANG_WARN_RANGE_LOOP_ANALYSIS = YES;
				CLANG_WARN_STRICT_PROTOTYPES = YES;
				CLANG_WARN_SUSPICIOUS_MOVE = YES;
				CLANG_WARN_UNGUARDED_AVAILABILITY = YES_AGGRESSIVE;
				CLANG_WARN_UNREACHABLE_CODE = YES;
				CLANG_WARN__DUPLICATE_METHOD_MATCH = YES;
				COPY_PHASE_STRIP = NO;
				DEBUG_INFORMATION_FORMAT = dwarf;
				ENABLE_STRICT_OBJC_MSGSEND = YES;
				ENABLE_TESTABILITY = YES;
				GCC_C_LANGUAGE_STANDARD = gnu11;
				GCC_DYNAMIC_NO_PIC = NO;
				GCC_NO_COMMON_BLOCKS = YES;
				GCC_OPTIMIZATION_LEVEL = 0;
				GCC_PREPROCESSOR_DEFINITIONS = (
					"DEBUG=1",
					"$(inherited)",
				);
				GCC_WARN_64_TO_32_BIT_CONVERSION = YES;
				GCC_WARN_ABOUT_RETURN_TYPE = YES_ERROR;
				GCC_WARN_UNDECLARED_SELECTOR = YES;
				GCC_WARN_UNINITIALIZED_AUTOS = YES_AGGRESSIVE;
				GCC_WARN_UNUSED_FUNCTION = YES;
				GCC_WARN_UNUSED_VARIABLE = YES;
				IPHONEOS_DEPLOYMENT_TARGET = 16.0;
				MTL_ENABLE_DEBUG_INFO = INCLUDE_SOURCE;
				MTL_FAST_MATH = YES;
				ONLY_ACTIVE_ARCH = YES;
				SDKROOT = iphoneos;
				SWIFT_ACTIVE_COMPILATION_CONDITIONS = DEBUG;
				SWIFT_OPTIMIZATION_LEVEL = "-Onone";
			};
			name = Debug;
		};
		8BBC29D028EA79A00068BADB /* Release */ = {
			isa = XCBuildConfiguration;
			buildSettings = {
				ALWAYS_SEARCH_USER_PATHS = NO;
				CLANG_ANALYZER_NONNULL = YES;
				CLANG_ANALYZER_NUMBER_OBJECT_CONVERSION = YES_AGGRESSIVE;
				CLANG_CXX_LANGUAGE_STANDARD = "gnu++20";
				CLANG_ENABLE_MODULES = YES;
				CLANG_ENABLE_OBJC_ARC = YES;
				CLANG_ENABLE_OBJC_WEAK = YES;
				CLANG_WARN_BLOCK_CAPTURE_AUTORELEASING = YES;
				CLANG_WARN_BOOL_CONVERSION = YES;
				CLANG_WARN_COMMA = YES;
				CLANG_WARN_CONSTANT_CONVERSION = YES;
				CLANG_WARN_DEPRECATED_OBJC_IMPLEMENTATIONS = YES;
				CLANG_WARN_DIRECT_OBJC_ISA_USAGE = YES_ERROR;
				CLANG_WARN_DOCUMENTATION_COMMENTS = YES;
				CLANG_WARN_EMPTY_BODY = YES;
				CLANG_WARN_ENUM_CONVERSION = YES;
				CLANG_WARN_INFINITE_RECURSION = YES;
				CLANG_WARN_INT_CONVERSION = YES;
				CLANG_WARN_NON_LITERAL_NULL_CONVERSION = YES;
				CLANG_WARN_OBJC_IMPLICIT_RETAIN_SELF = YES;
				CLANG_WARN_OBJC_LITERAL_CONVERSION = YES;
				CLANG_WARN_OBJC_ROOT_CLASS = YES_ERROR;
				CLANG_WARN_QUOTED_INCLUDE_IN_FRAMEWORK_HEADER = YES;
				CLANG_WARN_RANGE_LOOP_ANALYSIS = YES;
				CLANG_WARN_STRICT_PROTOTYPES = YES;
				CLANG_WARN_SUSPICIOUS_MOVE = YES;
				CLANG_WARN_UNGUARDED_AVAILABILITY = YES_AGGRESSIVE;
				CLANG_WARN_UNREACHABLE_CODE = YES;
				CLANG_WARN__DUPLICATE_METHOD_MATCH = YES;
				COPY_PHASE_STRIP = NO;
				DEBUG_INFORMATION_FORMAT = "dwarf-with-dsym";
				ENABLE_NS_ASSERTIONS = NO;
				ENABLE_STRICT_OBJC_MSGSEND = YES;
				GCC_C_LANGUAGE_STANDARD = gnu11;
				GCC_NO_COMMON_BLOCKS = YES;
				GCC_WARN_64_TO_32_BIT_CONVERSION = YES;
				GCC_WARN_ABOUT_RETURN_TYPE = YES_ERROR;
				GCC_WARN_UNDECLARED_SELECTOR = YES;
				GCC_WARN_UNINITIALIZED_AUTOS = YES_AGGRESSIVE;
				GCC_WARN_UNUSED_FUNCTION = YES;
				GCC_WARN_UNUSED_VARIABLE = YES;
				IPHONEOS_DEPLOYMENT_TARGET = 16.0;
				MTL_ENABLE_DEBUG_INFO = NO;
				MTL_FAST_MATH = YES;
				SDKROOT = iphoneos;
				SWIFT_COMPILATION_MODE = wholemodule;
				SWIFT_OPTIMIZATION_LEVEL = "-O";
				VALIDATE_PRODUCT = YES;
			};
			name = Release;
		};
		8BBC29D228EA79A00068BADB /* Debug */ = {
			isa = XCBuildConfiguration;
			buildSettings = {
				ASSETCATALOG_COMPILER_APPICON_NAME = AppIcon;
				ASSETCATALOG_COMPILER_GLOBAL_ACCENT_COLOR_NAME = AccentColor;
				CODE_SIGN_STYLE = Automatic;
				CURRENT_PROJECT_VERSION = 1;
				DEVELOPMENT_ASSET_PATHS = "\"Learning/Preview Content\"";
				DEVELOPMENT_TEAM = DPTVNYZ67M;
				ENABLE_PREVIEWS = YES;
				GENERATE_INFOPLIST_FILE = YES;
				INFOPLIST_KEY_UIApplicationSceneManifest_Generation = YES;
				INFOPLIST_KEY_UIApplicationSupportsIndirectInputEvents = YES;
				INFOPLIST_KEY_UILaunchScreen_Generation = YES;
				INFOPLIST_KEY_UISupportedInterfaceOrientations_iPad = "UIInterfaceOrientationPortrait UIInterfaceOrientationPortraitUpsideDown UIInterfaceOrientationLandscapeLeft UIInterfaceOrientationLandscapeRight";
				INFOPLIST_KEY_UISupportedInterfaceOrientations_iPhone = "UIInterfaceOrientationPortrait UIInterfaceOrientationLandscapeLeft UIInterfaceOrientationLandscapeRight";
				LD_RUNPATH_SEARCH_PATHS = (
					"$(inherited)",
					"@executable_path/Frameworks",
				);
				MARKETING_VERSION = 1.0;
				PRODUCT_BUNDLE_IDENTIFIER = com.fpg.Learning;
				PRODUCT_NAME = "$(TARGET_NAME)";
				SWIFT_EMIT_LOC_STRINGS = YES;
				SWIFT_VERSION = 5.0;
				TARGETED_DEVICE_FAMILY = "1,2";
			};
			name = Debug;
		};
		8BBC29D328EA79A00068BADB /* Release */ = {
			isa = XCBuildConfiguration;
			buildSettings = {
				ASSETCATALOG_COMPILER_APPICON_NAME = AppIcon;
				ASSETCATALOG_COMPILER_GLOBAL_ACCENT_COLOR_NAME = AccentColor;
				CODE_SIGN_STYLE = Automatic;
				CURRENT_PROJECT_VERSION = 1;
				DEVELOPMENT_ASSET_PATHS = "\"Learning/Preview Content\"";
				DEVELOPMENT_TEAM = DPTVNYZ67M;
				ENABLE_PREVIEWS = YES;
				GENERATE_INFOPLIST_FILE = YES;
				INFOPLIST_KEY_UIApplicationSceneManifest_Generation = YES;
				INFOPLIST_KEY_UIApplicationSupportsIndirectInputEvents = YES;
				INFOPLIST_KEY_UILaunchScreen_Generation = YES;
				INFOPLIST_KEY_UISupportedInterfaceOrientations_iPad = "UIInterfaceOrientationPortrait UIInterfaceOrientationPortraitUpsideDown UIInterfaceOrientationLandscapeLeft UIInterfaceOrientationLandscapeRight";
				INFOPLIST_KEY_UISupportedInterfaceOrientations_iPhone = "UIInterfaceOrientationPortrait UIInterfaceOrientationLandscapeLeft UIInterfaceOrientationLandscapeRight";
				LD_RUNPATH_SEARCH_PATHS = (
					"$(inherited)",
					"@executable_path/Frameworks",
				);
				MARKETING_VERSION = 1.0;
				PRODUCT_BUNDLE_IDENTIFIER = com.fpg.Learning;
				PRODUCT_NAME = "$(TARGET_NAME)";
				SWIFT_EMIT_LOC_STRINGS = YES;
				SWIFT_VERSION = 5.0;
				TARGETED_DEVICE_FAMILY = "1,2";
			};
			name = Release;
		};
/* End XCBuildConfiguration section */

/* Begin XCConfigurationList section */
		8BBC29BE28EA799E0068BADB /* Build configuration list for PBXProject "Learning" */ = {
			isa = XCConfigurationList;
			buildConfigurations = (
				8BBC29CF28EA79A00068BADB /* Debug */,
				8BBC29D028EA79A00068BADB /* Release */,
			);
			defaultConfigurationIsVisible = 0;
			defaultConfigurationName = Release;
		};
		8BBC29D128EA79A00068BADB /* Build configuration list for PBXNativeTarget "Learning" */ = {
			isa = XCConfigurationList;
			buildConfigurations = (
				8BBC29D228EA79A00068BADB /* Debug */,
				8BBC29D328EA79A00068BADB /* Release */,
			);
			defaultConfigurationIsVisible = 0;
			defaultConfigurationName = Release;
		};
/* End XCConfigurationList section */
	};
	rootObject = 8BBC29BB28EA799E0068BADB /* Project object */;
}
